
Microsoft Visual Studio Solution File, Format Version 12.00
# Visual Studio 15
VisualStudioVersion = 15.0.28307.438
MinimumVisualStudioVersion = 10.0.40219.1
Project("{FAE04EC0-301F-11D3-BF4B-00C04F79EFBC}") = "Question2-Classes", "Question2-Classes\Question2-Classes.csproj", "{5B325D18-5535-46E7-A355-D96652102CE7}"
EndProject
Global
	GlobalSection(SolutionConfigurationPlatforms) = preSolution
		Debug|Any CPU = Debug|Any CPU
		Release|Any CPU = Release|Any CPU
	EndGlobalSection
	GlobalSection(ProjectConfigurationPlatforms) = postSolution
		{5B325D18-5535-46E7-A355-D96652102CE7}.Debug|Any CPU.ActiveCfg = Debug|Any CPU
		{5B325D18-5535-46E7-A355-D96652102CE7}.Debug|Any CPU.Build.0 = Debug|Any CPU
		{5B325D18-5535-46E7-A355-D96652102CE7}.Release|Any CPU.ActiveCfg = Release|Any CPU
		{5B325D18-5535-46E7-A355-D96652102CE7}.Release|Any CPU.Build.0 = Release|Any CPU
	EndGlobalSection
	GlobalSection(SolutionProperties) = preSolution
		HideSolutionNode = FALSE
	EndGlobalSection
	GlobalSection(ExtensibilityGlobals) = postSolution
		SolutionGuid = {3AE2E741-2231-4BB9-8A09-0C0453A2945D}
	EndGlobalSection
EndGlobal
